
Microsoft Visual Studio Solution File, Format Version 12.00
# Visual Studio Version 17
VisualStudioVersion = 17.2.32630.192
MinimumVisualStudioVersion = 10.0.40219.1
Project("{9A19103F-16F7-4668-BE54-9A1E7A4F7556}") = "R5T.S0106", "R5T.S0106\R5T.S0106.csproj", "{B1F5A8B5-495C-4FBD-B056-6124AC6CC619}"
EndProject
Project("{2150E333-8FDC-42A3-9474-1A3956D46DE8}") = "_Dependencies", "_Dependencies", "{3FE205E6-93F2-47D4-A5C0-5DAB776BD1B8}"
EndProject
Project("{9A19103F-16F7-4668-BE54-9A1E7A4F7556}") = "R5T.F0000", "..\..\R5T.F0000\source\R5T.F0000\R5T.F0000.csproj", "{2C720689-EE4E-4904-BBCB-7C657F26CAF2}"
EndProject
Project("{9A19103F-16F7-4668-BE54-9A1E7A4F7556}") = "R5T.F0002", "..\..\R5T.F0002\source\R5T.F0002\R5T.F0002.csproj", "{959F18B9-3EB0-4ED7-9061-740414AC0B92}"
EndProject
Project("{9A19103F-16F7-4668-BE54-9A1E7A4F7556}") = "R5T.F0120", "..\..\R5T.F0120\source\R5T.F0120\R5T.F0120.csproj", "{D1EC5485-50DB-4F85-BDC0-811F8E198955}"
EndProject
Project("{9A19103F-16F7-4668-BE54-9A1E7A4F7556}") = "R5T.F0124", "..\..\R5T.F0124\source\R5T.F0124\R5T.F0124.csproj", "{20F215B7-13F3-4736-AC87-4A0AA3B7F83C}"
EndProject
Project("{9A19103F-16F7-4668-BE54-9A1E7A4F7556}") = "R5T.F0125", "..\..\R5T.F0125\source\R5T.F0125\R5T.F0125.csproj", "{6E614CE2-F646-4E41-86C0-9F4F409BB8B8}"
EndProject
Project("{9A19103F-16F7-4668-BE54-9A1E7A4F7556}") = "R5T.L0030.T000", "..\..\R5T.L0030\source\R5T.L0030.T000\R5T.L0030.T000.csproj", "{46312A59-7D99-4C82-8E1A-D5F4163B4659}"
EndProject
Project("{9A19103F-16F7-4668-BE54-9A1E7A4F7556}") = "R5T.L0030", "..\..\R5T.L0030\source\R5T.L0030\R5T.L0030.csproj", "{35FFE4DC-5899-41A2-AFA9-ADDFAC45EAF4}"
EndProject
Project("{9A19103F-16F7-4668-BE54-9A1E7A4F7556}") = "R5T.L0034", "..\..\R5T.L0034\source\R5T.L0034\R5T.L0034.csproj", "{4C24C07A-2318-4F48-8C85-FFF34DA9F1EE}"
EndProject
Project("{9A19103F-16F7-4668-BE54-9A1E7A4F7556}") = "R5T.L0035", "..\..\R5T.L0035\source\R5T.L0035\R5T.L0035.csproj", "{39FB5A60-0A93-456D-AE90-C86CD1A2460A}"
EndProject
Project("{9A19103F-16F7-4668-BE54-9A1E7A4F7556}") = "R5T.L0053", "..\..\R5T.L0053\source\R5T.L0053\R5T.L0053.csproj", "{91ADBEFC-EF98-44BB-80EB-866470DD5C7D}"
EndProject
Project("{9A19103F-16F7-4668-BE54-9A1E7A4F7556}") = "R5T.NG0022", "..\..\R5T.NG0022\source\R5T.NG0022\R5T.NG0022.csproj", "{E6E77E96-7E6E-4B50-8477-7240E4032952}"
EndProject
Project("{9A19103F-16F7-4668-BE54-9A1E7A4F7556}") = "R5T.T0131", "..\..\R5T.T0131\source\R5T.T0131\R5T.T0131.csproj", "{947E5E23-38C5-4994-9EC9-737FF0CC3DC5}"
EndProject
Project("{9A19103F-16F7-4668-BE54-9A1E7A4F7556}") = "R5T.T0132", "..\..\R5T.T0132\source\R5T.T0132\R5T.T0132.csproj", "{ADA2D463-1B2D-4C2E-A87B-4D91A6BF6356}"
EndProject
Project("{9A19103F-16F7-4668-BE54-9A1E7A4F7556}") = "R5T.T0142", "..\..\R5T.T0142\source\R5T.T0142\R5T.T0142.csproj", "{DECD6C88-6CCE-46B2-B313-69CB8113A335}"
EndProject
Project("{9A19103F-16F7-4668-BE54-9A1E7A4F7556}") = "R5T.T0143", "..\..\R5T.T0143\source\R5T.T0143\R5T.T0143.csproj", "{8E208E18-E1F8-47FD-9469-59C5452DE39F}"
EndProject
Project("{9A19103F-16F7-4668-BE54-9A1E7A4F7556}") = "R5T.T0156", "..\..\R5T.T0156\source\R5T.T0156\R5T.T0156.csproj", "{8A1A9F01-35A6-4496-8C1B-8B1744E0FCDB}"
EndProject
Project("{9A19103F-16F7-4668-BE54-9A1E7A4F7556}") = "R5T.T0174", "..\..\R5T.T0174\source\R5T.T0174\R5T.T0174.csproj", "{755D7FE3-4E8A-40D9-88CB-CC95635A49BF}"
EndProject
Project("{9A19103F-16F7-4668-BE54-9A1E7A4F7556}") = "R5T.T0176", "..\..\R5T.T0176\source\R5T.T0176\R5T.T0176.csproj", "{0963ADC8-9171-49DB-B010-09B02E838AA6}"
EndProject
Project("{9A19103F-16F7-4668-BE54-9A1E7A4F7556}") = "R5T.T0177", "..\..\R5T.T0177\source\R5T.T0177\R5T.T0177.csproj", "{C441B71C-0C23-4975-A1A4-22210D651B21}"
EndProject
Project("{9A19103F-16F7-4668-BE54-9A1E7A4F7556}") = "R5T.T0178", "..\..\R5T.T0178\source\R5T.T0178\R5T.T0178.csproj", "{45E313C5-9F19-4320-A414-674D36C2DF2C}"
EndProject
Project("{9A19103F-16F7-4668-BE54-9A1E7A4F7556}") = "R5T.T0179", "..\..\R5T.T0179\source\R5T.T0179\R5T.T0179.csproj", "{B01EA187-2AA8-4AD4-A94D-31CA1E84F023}"
EndProject
Project("{9A19103F-16F7-4668-BE54-9A1E7A4F7556}") = "R5T.T0180", "..\..\R5T.T0180\source\R5T.T0180\R5T.T0180.csproj", "{444B8E1D-65D3-4553-9C72-C0F726E140D4}"
EndProject
Project("{9A19103F-16F7-4668-BE54-9A1E7A4F7556}") = "R5T.T0181", "..\..\R5T.T0181\source\R5T.T0181\R5T.T0181.csproj", "{13E0C91B-86F4-4B6F-B994-8EB3C9D56DC5}"
EndProject
Project("{9A19103F-16F7-4668-BE54-9A1E7A4F7556}") = "R5T.T0185", "..\..\R5T.T0185\source\R5T.T0185\R5T.T0185.csproj", "{3F4C1EA4-2B73-4B2B-B009-A44DAAB221D0}"
EndProject
Project("{9A19103F-16F7-4668-BE54-9A1E7A4F7556}") = "R5T.T0199", "..\..\R5T.T0199\source\R5T.T0199\R5T.T0199.csproj", "{3C89553C-5218-4358-BBBB-1E805D48CFE4}"
EndProject
Project("{9A19103F-16F7-4668-BE54-9A1E7A4F7556}") = "R5T.T0203", "..\..\R5T.T0203\source\R5T.T0203\R5T.T0203.csproj", "{3E9D42A1-E8CE-4724-BAA4-014F1EB46418}"
EndProject
Project("{9A19103F-16F7-4668-BE54-9A1E7A4F7556}") = "R5T.T0220", "..\..\R5T.T0220\source\R5T.T0220\R5T.T0220.csproj", "{813B353D-73DC-4AA7-B7A6-9761DF8DDC7E}"
EndProject
Project("{9A19103F-16F7-4668-BE54-9A1E7A4F7556}") = "R5T.T0221", "..\..\R5T.T0221\source\R5T.T0221\R5T.T0221.csproj", "{70A41B29-8975-42CB-90FF-07057B3F5555}"
EndProject
Project("{9A19103F-16F7-4668-BE54-9A1E7A4F7556}") = "R5T.T0225.T000", "..\..\R5T.T0225\source\R5T.T0225.T000\R5T.T0225.T000.csproj", "{E2DB644F-B4EE-4E13-8B0B-902726D06C20}"
EndProject
Project("{9A19103F-16F7-4668-BE54-9A1E7A4F7556}") = "R5T.T0225", "..\..\R5T.T0225\source\R5T.T0225\R5T.T0225.csproj", "{5C286B95-7427-4B78-A06A-65847CDF734A}"
EndProject
Project("{9A19103F-16F7-4668-BE54-9A1E7A4F7556}") = "R5T.T0226.T000", "..\..\R5T.T0226\source\R5T.T0226.T000\R5T.T0226.T000.csproj", "{1115E863-534F-4911-8369-C9E1AC28349D}"
EndProject
Project("{9A19103F-16F7-4668-BE54-9A1E7A4F7556}") = "R5T.T0226", "..\..\R5T.T0226\source\R5T.T0226\R5T.T0226.csproj", "{980F8E2F-3B51-4D28-A49F-DDF96368A878}"
EndProject
Project("{9A19103F-16F7-4668-BE54-9A1E7A4F7556}") = "R5T.Y0000", "..\..\R5T.Y0000\source\R5T.Y0000\R5T.Y0000.csproj", "{10B4D066-C97D-45BA-8A5B-E58334B4ACE6}"
EndProject
Project("{9A19103F-16F7-4668-BE54-9A1E7A4F7556}") = "R5T.Z0000", "..\..\R5T.Z0000\source\R5T.Z0000\R5T.Z0000.csproj", "{15C70D3A-EF16-41DB-8F75-5BE201933B35}"
EndProject
Project("{9A19103F-16F7-4668-BE54-9A1E7A4F7556}") = "R5T.Z0010.Platform", "..\..\R5T.Z0010\source\R5T.Z0010.Platform\R5T.Z0010.Platform.csproj", "{4602B0BF-0A72-40A2-BDB1-649673B96D4E}"
EndProject
Project("{9A19103F-16F7-4668-BE54-9A1E7A4F7556}") = "R5T.F0020", "..\..\R5T.F0020\source\R5T.F0020\R5T.F0020.csproj", "{931C724F-633C-4704-AF2A-CEB353211A12}"
EndProject
Project("{9A19103F-16F7-4668-BE54-9A1E7A4F7556}") = "R5T.F0033.Platform", "..\..\R5T.F0033\source\R5T.F0033.Platform\R5T.F0033.Platform.csproj", "{EF5BA3C4-C879-4DA1-9C6F-4A30E153C5B6}"
EndProject
Project("{9A19103F-16F7-4668-BE54-9A1E7A4F7556}") = "R5T.F0033", "..\..\R5T.F0033\source\R5T.F0033\R5T.F0033.csproj", "{31627355-9E71-4067-B42D-DB648D623BB4}"
EndProject
Project("{9A19103F-16F7-4668-BE54-9A1E7A4F7556}") = "R5T.F0034.Platform", "..\..\R5T.F0034\source\R5T.F0034.Platform\R5T.F0034.Platform.csproj", "{20DFE1D0-AD7A-4409-9E7A-1ED056382B3E}"
EndProject
Project("{9A19103F-16F7-4668-BE54-9A1E7A4F7556}") = "R5T.F0034", "..\..\R5T.F0034\source\R5T.F0034\R5T.F0034.csproj", "{45752CA9-9BD9-452D-9E7E-0996A5301575}"
EndProject
Project("{9A19103F-16F7-4668-BE54-9A1E7A4F7556}") = "R5T.F0035.F001", "..\..\R5T.F0035\source\R5T.F0035.F001\R5T.F0035.F001.csproj", "{B2C47F38-F6C9-4BFD-AB20-B2FD07157407}"
EndProject
Project("{9A19103F-16F7-4668-BE54-9A1E7A4F7556}") = "R5T.F0040.F000", "..\..\R5T.F0040\source\R5T.F0040.F000\R5T.F0040.F000.csproj", "{DAD99DA3-307D-4EE2-8A4D-3F7148FEA3B0}"
EndProject
Project("{9A19103F-16F7-4668-BE54-9A1E7A4F7556}") = "R5T.F0040", "..\..\R5T.F0040\source\R5T.F0040\R5T.F0040.csproj", "{CB675DE7-5960-4F14-8997-B761552D0C48}"
EndProject
Project("{9A19103F-16F7-4668-BE54-9A1E7A4F7556}") = "R5T.F0059", "..\..\R5T.F0059\source\R5T.F0059\R5T.F0059.csproj", "{BE7FFD74-79B5-47E3-9118-CC2FC0BFD138}"
EndProject
Project("{9A19103F-16F7-4668-BE54-9A1E7A4F7556}") = "R5T.F0138", "..\..\R5T.F0138\source\R5T.F0138\R5T.F0138.csproj", "{7AAB252D-194B-4E2C-BC76-214F72C6272C}"
EndProject
Project("{9A19103F-16F7-4668-BE54-9A1E7A4F7556}") = "R5T.F0139", "..\..\R5T.F0139\source\R5T.F0139\R5T.F0139.csproj", "{99D092FE-7426-414F-9C70-0D3B86EEC9E3}"
EndProject
Project("{9A19103F-16F7-4668-BE54-9A1E7A4F7556}") = "R5T.F0140", "..\..\R5T.F0140\source\R5T.F0140\R5T.F0140.csproj", "{39C01016-0E9C-4CB9-BE70-469B0F6381D5}"
EndProject
Project("{9A19103F-16F7-4668-BE54-9A1E7A4F7556}") = "R5T.L0032.T000", "..\..\R5T.L0032\source\R5T.L0032.T000\R5T.L0032.T000.csproj", "{6138E7A1-64A9-4265-A24D-311A3DEAD154}"
EndProject
Project("{9A19103F-16F7-4668-BE54-9A1E7A4F7556}") = "R5T.L0055", "..\..\R5T.L0055\source\R5T.L0055\R5T.L0055.csproj", "{37B0CA07-D84D-40D4-9125-160ABF4A0437}"
EndProject
Project("{9A19103F-16F7-4668-BE54-9A1E7A4F7556}") = "R5T.L0056", "..\..\R5T.L0056\source\R5T.L0056\R5T.L0056.csproj", "{EA7DEC3D-44EB-41BD-8517-759D3228D4FF}"
EndProject
Project("{9A19103F-16F7-4668-BE54-9A1E7A4F7556}") = "R5T.L0057", "..\..\R5T.L0057\source\R5T.L0057\R5T.L0057.csproj", "{219660ED-0B23-440A-8E58-521652318D2F}"
EndProject
Project("{9A19103F-16F7-4668-BE54-9A1E7A4F7556}") = "R5T.L0058", "..\..\R5T.L0058\source\R5T.L0058\R5T.L0058.csproj", "{DF4982FE-F58F-4DEF-B3EC-24F9998D05C7}"
EndProject
Project("{9A19103F-16F7-4668-BE54-9A1E7A4F7556}") = "R5T.L0061", "..\..\R5T.L0061\source\R5T.L0061\R5T.L0061.csproj", "{008893C5-352F-483F-B4EE-063EB82BF976}"
EndProject
Project("{9A19103F-16F7-4668-BE54-9A1E7A4F7556}") = "R5T.L0064.F001", "..\..\R5T.L0064\source\R5T.L0064.F001\R5T.L0064.F001.csproj", "{FBD114E5-A111-476A-A069-0A717B25BBA1}"
EndProject
Project("{9A19103F-16F7-4668-BE54-9A1E7A4F7556}") = "R5T.NG0002", "..\..\R5T.NG0002\source\R5T.NG0002\R5T.NG0002.csproj", "{6410A8AD-BF20-4480-AEFB-62E017A28683}"
EndProject
Project("{9A19103F-16F7-4668-BE54-9A1E7A4F7556}") = "R5T.NG0006", "..\..\R5T.NG0006\source\R5T.NG0006\R5T.NG0006.csproj", "{DFA5DEDA-D15C-46A8-B22A-714B7B6CC751}"
EndProject
Project("{9A19103F-16F7-4668-BE54-9A1E7A4F7556}") = "R5T.NG0007", "..\..\R5T.NG0007\source\R5T.NG0007\R5T.NG0007.csproj", "{9D61DF5F-40E2-4ECB-8A62-ECA60F38C392}"
EndProject
Project("{9A19103F-16F7-4668-BE54-9A1E7A4F7556}") = "R5T.NG0010", "..\..\R5T.NG0010\source\R5T.NG0010\R5T.NG0010.csproj", "{61DA80B1-3BFB-416A-9454-95E76D7A1062}"
EndProject
Project("{9A19103F-16F7-4668-BE54-9A1E7A4F7556}") = "R5T.T0141", "..\..\R5T.T0141\source\R5T.T0141\R5T.T0141.csproj", "{C5FC37E1-184B-42EB-9970-592064EEA1E2}"
EndProject
Project("{9A19103F-16F7-4668-BE54-9A1E7A4F7556}") = "R5T.T0148", "..\..\R5T.T0148\source\R5T.T0148\R5T.T0148.csproj", "{6DE0B428-15C8-4C8B-8815-29D6AA9FE70A}"
EndProject
Project("{9A19103F-16F7-4668-BE54-9A1E7A4F7556}") = "R5T.T0150", "..\..\R5T.T0150\source\R5T.T0150\R5T.T0150.csproj", "{A32B3241-F455-474B-9128-4D803C468223}"
EndProject
Project("{9A19103F-16F7-4668-BE54-9A1E7A4F7556}") = "R5T.T0151", "..\..\R5T.T0151\source\R5T.T0151\R5T.T0151.csproj", "{1E4F5248-9FFA-49FE-92CA-CB3394DD82FC}"
EndProject
Project("{9A19103F-16F7-4668-BE54-9A1E7A4F7556}") = "R5T.T0152", "..\..\R5T.T0152\source\R5T.T0152\R5T.T0152.csproj", "{3E51297C-24EA-4C11-BF01-72F908AEF911}"
EndProject
Project("{9A19103F-16F7-4668-BE54-9A1E7A4F7556}") = "R5T.T0158.F000", "..\..\R5T.T0158\source\R5T.T0158.F000\R5T.T0158.F000.csproj", "{64150C76-7B43-4A68-B477-B6610DADCDE2}"
EndProject
Project("{9A19103F-16F7-4668-BE54-9A1E7A4F7556}") = "R5T.T0158.T000", "..\..\R5T.T0158\source\R5T.T0158.T000\R5T.T0158.T000.csproj", "{E19E4DFA-90FB-4DB9-AA99-E118F79829E7}"
EndProject
Project("{9A19103F-16F7-4668-BE54-9A1E7A4F7556}") = "R5T.T0158", "..\..\R5T.T0158\source\R5T.T0158\R5T.T0158.csproj", "{B58D3C8B-0E8D-4549-A043-2D6300312C1B}"
EndProject
Project("{9A19103F-16F7-4668-BE54-9A1E7A4F7556}") = "R5T.T0159.F000", "..\..\R5T.T0159\source\R5T.T0159.F000\R5T.T0159.F000.csproj", "{AE8B9020-A1A7-4B9D-B37D-07F39FFAB1EB}"
EndProject
Project("{9A19103F-16F7-4668-BE54-9A1E7A4F7556}") = "R5T.T0159", "..\..\R5T.T0159\source\R5T.T0159\R5T.T0159.csproj", "{A763FEA8-AE83-40E7-85B2-AC03965A7A3D}"
EndProject
Project("{9A19103F-16F7-4668-BE54-9A1E7A4F7556}") = "R5T.T0161", "..\..\R5T.T0161\source\R5T.T0161\R5T.T0161.csproj", "{71ACF2C3-ACA1-45FF-BB2B-26497A8ED263}"
EndProject
Project("{9A19103F-16F7-4668-BE54-9A1E7A4F7556}") = "R5T.T0172", "..\..\R5T.T0172\source\R5T.T0172\R5T.T0172.csproj", "{15CBC855-BBD5-4629-985C-5B5439CB467B}"
EndProject
Project("{9A19103F-16F7-4668-BE54-9A1E7A4F7556}") = "R5T.T0184", "..\..\R5T.T0184\source\R5T.T0184\R5T.T0184.csproj", "{26BC4F18-7726-4700-B187-A9C127D53137}"
EndProject
Project("{9A19103F-16F7-4668-BE54-9A1E7A4F7556}") = "R5T.T0186", "..\..\R5T.T0186\source\R5T.T0186\R5T.T0186.csproj", "{700AA257-885F-4489-9016-E3582BEDF778}"
EndProject
Project("{9A19103F-16F7-4668-BE54-9A1E7A4F7556}") = "R5T.T0187", "..\..\R5T.T0187\source\R5T.T0187\R5T.T0187.csproj", "{DC1CF544-6A4D-4FA7-A36C-ABDFA75212D6}"
EndProject
Project("{9A19103F-16F7-4668-BE54-9A1E7A4F7556}") = "R5T.T0196", "..\..\R5T.T0196\source\R5T.T0196\R5T.T0196.csproj", "{DF007057-C23D-4D67-BF00-EE650718F8C6}"
EndProject
Project("{9A19103F-16F7-4668-BE54-9A1E7A4F7556}") = "R5T.T0197", "..\..\R5T.T0197\source\R5T.T0197\R5T.T0197.csproj", "{651B4CE0-6859-4589-AADC-C190D64F3241}"
EndProject
Project("{9A19103F-16F7-4668-BE54-9A1E7A4F7556}") = "R5T.T0198", "..\..\R5T.T0198\source\R5T.T0198\R5T.T0198.csproj", "{04EECF89-D412-43E9-8F12-7C7B8F95BF43}"
EndProject
Project("{9A19103F-16F7-4668-BE54-9A1E7A4F7556}") = "R5T.T0200", "..\..\R5T.T0200\source\R5T.T0200\R5T.T0200.csproj", "{6A1E416C-975A-4BB4-9543-DD0D4D8D03EE}"
EndProject
Project("{9A19103F-16F7-4668-BE54-9A1E7A4F7556}") = "R5T.T0213", "..\..\R5T.T0213\source\R5T.T0213\R5T.T0213.csproj", "{345D069E-EA23-46B7-AABA-56674A29C1F2}"
EndProject
Project("{9A19103F-16F7-4668-BE54-9A1E7A4F7556}") = "R5T.T0214.Z001", "..\..\R5T.T0214\source\R5T.T0214.Z001\R5T.T0214.Z001.csproj", "{FA3E0056-D88E-47CD-8F67-70B924D230A1}"
EndProject
Project("{9A19103F-16F7-4668-BE54-9A1E7A4F7556}") = "R5T.T0214", "..\..\R5T.T0214\source\R5T.T0214\R5T.T0214.csproj", "{8DEADDE2-8475-4BEE-953C-771F6A8A9D8D}"
EndProject
Project("{9A19103F-16F7-4668-BE54-9A1E7A4F7556}") = "R5T.T0215.Z000", "..\..\R5T.T0215\source\R5T.T0215.Z000\R5T.T0215.Z000.csproj", "{89A09E5D-B96A-4CD3-B394-751AD18300E6}"
EndProject
Project("{9A19103F-16F7-4668-BE54-9A1E7A4F7556}") = "R5T.T0215", "..\..\R5T.T0215\source\R5T.T0215\R5T.T0215.csproj", "{093A259D-3218-4744-B151-B776415C647F}"
EndProject
Project("{9A19103F-16F7-4668-BE54-9A1E7A4F7556}") = "R5T.T0216.F001", "..\..\R5T.T0216\source\R5T.T0216.F001\R5T.T0216.F001.csproj", "{98A89A90-2844-48A0-B358-7A1C3B67A36B}"
EndProject
Project("{9A19103F-16F7-4668-BE54-9A1E7A4F7556}") = "R5T.T0216", "..\..\R5T.T0216\source\R5T.T0216\R5T.T0216.csproj", "{5BE71AC3-2154-405F-B6EE-C19C669F73A0}"
EndProject
Project("{9A19103F-16F7-4668-BE54-9A1E7A4F7556}") = "R5T.T0217.F001", "..\..\R5T.T0217\source\R5T.T0217.F001\R5T.T0217.F001.csproj", "{F5F97767-C787-4F93-B6EA-3091FE82768F}"
EndProject
Project("{9A19103F-16F7-4668-BE54-9A1E7A4F7556}") = "R5T.T0217", "..\..\R5T.T0217\source\R5T.T0217\R5T.T0217.csproj", "{4FD234F0-CED7-47C9-9034-48A18984ADBD}"
EndProject
Project("{9A19103F-16F7-4668-BE54-9A1E7A4F7556}") = "R5T.T0218", "..\..\R5T.T0218\source\R5T.T0218\R5T.T0218.csproj", "{CCE19164-12BB-4099-BB9B-D812DC5B089E}"
EndProject
Project("{9A19103F-16F7-4668-BE54-9A1E7A4F7556}") = "R5T.T0219", "..\..\R5T.T0219\source\R5T.T0219\R5T.T0219.csproj", "{58EC2711-CC51-42C2-8833-31EAAF1C823C}"
EndProject
Project("{9A19103F-16F7-4668-BE54-9A1E7A4F7556}") = "R5T.T0224", "..\..\R5T.T0224\source\R5T.T0224\R5T.T0224.csproj", "{5E7A2247-55FB-4FD8-A6C5-E6EB9846D909}"
EndProject
Project("{9A19103F-16F7-4668-BE54-9A1E7A4F7556}") = "R5T.T0227", "..\..\R5T.T0227\source\R5T.T0227\R5T.T0227.csproj", "{D380B1FC-CA42-43B7-9D79-92BCC585BC8D}"
EndProject
Project("{9A19103F-16F7-4668-BE54-9A1E7A4F7556}") = "R5T.Z0010", "..\..\R5T.Z0010\source\R5T.Z0010\R5T.Z0010.csproj", "{3F60F976-3811-48DC-99F9-FDD08BD185D6}"
EndProject
Project("{9A19103F-16F7-4668-BE54-9A1E7A4F7556}") = "R5T.Z0012", "..\..\R5T.Z0012\source\R5T.Z0012\R5T.Z0012.csproj", "{46CCA29C-5D8C-45B6-9838-71A66D858654}"
EndProject
Project("{9A19103F-16F7-4668-BE54-9A1E7A4F7556}") = "R5T.Z0044.Z000", "..\..\R5T.Z0044\source\R5T.Z0044.Z000\R5T.Z0044.Z000.csproj", "{2480C04E-D7DE-4B25-B9A4-B62740588859}"
EndProject
Project("{9A19103F-16F7-4668-BE54-9A1E7A4F7556}") = "R5T.Z0046.Platform", "..\..\R5T.Z0046\source\R5T.Z0046.Platform\R5T.Z0046.Platform.csproj", "{56DFC2D2-C95F-40B5-A80A-5FFF43CDABB8}"
EndProject
Project("{9A19103F-16F7-4668-BE54-9A1E7A4F7556}") = "R5T.Z0046", "..\..\R5T.Z0046\source\R5T.Z0046\R5T.Z0046.csproj", "{99550317-8BA5-430B-9DB1-52B2741EC1B5}"
EndProject
Project("{9A19103F-16F7-4668-BE54-9A1E7A4F7556}") = "R5T.Z0057.Platform", "..\..\R5T.Z0057\source\R5T.Z0057.Platform\R5T.Z0057.Platform.csproj", "{3C73D4EB-F579-4300-841F-6F8867843FD5}"
EndProject
Project("{9A19103F-16F7-4668-BE54-9A1E7A4F7556}") = "R5T.Z0057", "..\..\R5T.Z0057\source\R5T.Z0057\R5T.Z0057.csproj", "{52B37DC6-BD49-43BE-841A-771B0C01E432}"
EndProject
Project("{9A19103F-16F7-4668-BE54-9A1E7A4F7556}") = "R5T.Z0058", "..\..\R5T.Z0058\source\R5T.Z0058\R5T.Z0058.csproj", "{822FC1EC-D729-43F9-9E52-7B7B4B8AE8C1}"
EndProject
Project("{9A19103F-16F7-4668-BE54-9A1E7A4F7556}") = "R5T.Z0063.Platform", "..\..\R5T.Z0063\source\R5T.Z0063.Platform\R5T.Z0063.Platform.csproj", "{3E30F38F-0FF0-4F63-AC13-E75F9393DAE1}"
EndProject
Project("{9A19103F-16F7-4668-BE54-9A1E7A4F7556}") = "R5T.Z0063", "..\..\R5T.Z0063\source\R5T.Z0063\R5T.Z0063.csproj", "{6C77D4E2-127C-4319-8AEA-FB37AA11C55C}"
EndProject
Global
	GlobalSection(NestedProjects) = preSolution
		{2C720689-EE4E-4904-BBCB-7C657F26CAF2} = {3FE205E6-93F2-47D4-A5C0-5DAB776BD1B8}
		{959F18B9-3EB0-4ED7-9061-740414AC0B92} = {3FE205E6-93F2-47D4-A5C0-5DAB776BD1B8}
		{D1EC5485-50DB-4F85-BDC0-811F8E198955} = {3FE205E6-93F2-47D4-A5C0-5DAB776BD1B8}
		{20F215B7-13F3-4736-AC87-4A0AA3B7F83C} = {3FE205E6-93F2-47D4-A5C0-5DAB776BD1B8}
		{6E614CE2-F646-4E41-86C0-9F4F409BB8B8} = {3FE205E6-93F2-47D4-A5C0-5DAB776BD1B8}
		{46312A59-7D99-4C82-8E1A-D5F4163B4659} = {3FE205E6-93F2-47D4-A5C0-5DAB776BD1B8}
		{35FFE4DC-5899-41A2-AFA9-ADDFAC45EAF4} = {3FE205E6-93F2-47D4-A5C0-5DAB776BD1B8}
		{4C24C07A-2318-4F48-8C85-FFF34DA9F1EE} = {3FE205E6-93F2-47D4-A5C0-5DAB776BD1B8}
		{39FB5A60-0A93-456D-AE90-C86CD1A2460A} = {3FE205E6-93F2-47D4-A5C0-5DAB776BD1B8}
		{91ADBEFC-EF98-44BB-80EB-866470DD5C7D} = {3FE205E6-93F2-47D4-A5C0-5DAB776BD1B8}
		{E6E77E96-7E6E-4B50-8477-7240E4032952} = {3FE205E6-93F2-47D4-A5C0-5DAB776BD1B8}
		{947E5E23-38C5-4994-9EC9-737FF0CC3DC5} = {3FE205E6-93F2-47D4-A5C0-5DAB776BD1B8}
		{ADA2D463-1B2D-4C2E-A87B-4D91A6BF6356} = {3FE205E6-93F2-47D4-A5C0-5DAB776BD1B8}
		{DECD6C88-6CCE-46B2-B313-69CB8113A335} = {3FE205E6-93F2-47D4-A5C0-5DAB776BD1B8}
		{8E208E18-E1F8-47FD-9469-59C5452DE39F} = {3FE205E6-93F2-47D4-A5C0-5DAB776BD1B8}
		{8A1A9F01-35A6-4496-8C1B-8B1744E0FCDB} = {3FE205E6-93F2-47D4-A5C0-5DAB776BD1B8}
		{755D7FE3-4E8A-40D9-88CB-CC95635A49BF} = {3FE205E6-93F2-47D4-A5C0-5DAB776BD1B8}
		{0963ADC8-9171-49DB-B010-09B02E838AA6} = {3FE205E6-93F2-47D4-A5C0-5DAB776BD1B8}
		{C441B71C-0C23-4975-A1A4-22210D651B21} = {3FE205E6-93F2-47D4-A5C0-5DAB776BD1B8}
		{45E313C5-9F19-4320-A414-674D36C2DF2C} = {3FE205E6-93F2-47D4-A5C0-5DAB776BD1B8}
		{B01EA187-2AA8-4AD4-A94D-31CA1E84F023} = {3FE205E6-93F2-47D4-A5C0-5DAB776BD1B8}
		{444B8E1D-65D3-4553-9C72-C0F726E140D4} = {3FE205E6-93F2-47D4-A5C0-5DAB776BD1B8}
		{13E0C91B-86F4-4B6F-B994-8EB3C9D56DC5} = {3FE205E6-93F2-47D4-A5C0-5DAB776BD1B8}
		{3F4C1EA4-2B73-4B2B-B009-A44DAAB221D0} = {3FE205E6-93F2-47D4-A5C0-5DAB776BD1B8}
		{3C89553C-5218-4358-BBBB-1E805D48CFE4} = {3FE205E6-93F2-47D4-A5C0-5DAB776BD1B8}
		{3E9D42A1-E8CE-4724-BAA4-014F1EB46418} = {3FE205E6-93F2-47D4-A5C0-5DAB776BD1B8}
		{813B353D-73DC-4AA7-B7A6-9761DF8DDC7E} = {3FE205E6-93F2-47D4-A5C0-5DAB776BD1B8}
		{70A41B29-8975-42CB-90FF-07057B3F5555} = {3FE205E6-93F2-47D4-A5C0-5DAB776BD1B8}
		{E2DB644F-B4EE-4E13-8B0B-902726D06C20} = {3FE205E6-93F2-47D4-A5C0-5DAB776BD1B8}
		{5C286B95-7427-4B78-A06A-65847CDF734A} = {3FE205E6-93F2-47D4-A5C0-5DAB776BD1B8}
		{1115E863-534F-4911-8369-C9E1AC28349D} = {3FE205E6-93F2-47D4-A5C0-5DAB776BD1B8}
		{980F8E2F-3B51-4D28-A49F-DDF96368A878} = {3FE205E6-93F2-47D4-A5C0-5DAB776BD1B8}
		{10B4D066-C97D-45BA-8A5B-E58334B4ACE6} = {3FE205E6-93F2-47D4-A5C0-5DAB776BD1B8}
		{15C70D3A-EF16-41DB-8F75-5BE201933B35} = {3FE205E6-93F2-47D4-A5C0-5DAB776BD1B8}
		{4602B0BF-0A72-40A2-BDB1-649673B96D4E} = {3FE205E6-93F2-47D4-A5C0-5DAB776BD1B8}
		{931C724F-633C-4704-AF2A-CEB353211A12} = {3FE205E6-93F2-47D4-A5C0-5DAB776BD1B8}
		{EF5BA3C4-C879-4DA1-9C6F-4A30E153C5B6} = {3FE205E6-93F2-47D4-A5C0-5DAB776BD1B8}
		{31627355-9E71-4067-B42D-DB648D623BB4} = {3FE205E6-93F2-47D4-A5C0-5DAB776BD1B8}
		{20DFE1D0-AD7A-4409-9E7A-1ED056382B3E} = {3FE205E6-93F2-47D4-A5C0-5DAB776BD1B8}
		{45752CA9-9BD9-452D-9E7E-0996A5301575} = {3FE205E6-93F2-47D4-A5C0-5DAB776BD1B8}
		{B2C47F38-F6C9-4BFD-AB20-B2FD07157407} = {3FE205E6-93F2-47D4-A5C0-5DAB776BD1B8}
		{DAD99DA3-307D-4EE2-8A4D-3F7148FEA3B0} = {3FE205E6-93F2-47D4-A5C0-5DAB776BD1B8}
		{CB675DE7-5960-4F14-8997-B761552D0C48} = {3FE205E6-93F2-47D4-A5C0-5DAB776BD1B8}
		{BE7FFD74-79B5-47E3-9118-CC2FC0BFD138} = {3FE205E6-93F2-47D4-A5C0-5DAB776BD1B8}
		{7AAB252D-194B-4E2C-BC76-214F72C6272C} = {3FE205E6-93F2-47D4-A5C0-5DAB776BD1B8}
		{99D092FE-7426-414F-9C70-0D3B86EEC9E3} = {3FE205E6-93F2-47D4-A5C0-5DAB776BD1B8}
		{39C01016-0E9C-4CB9-BE70-469B0F6381D5} = {3FE205E6-93F2-47D4-A5C0-5DAB776BD1B8}
		{6138E7A1-64A9-4265-A24D-311A3DEAD154} = {3FE205E6-93F2-47D4-A5C0-5DAB776BD1B8}
		{37B0CA07-D84D-40D4-9125-160ABF4A0437} = {3FE205E6-93F2-47D4-A5C0-5DAB776BD1B8}
		{EA7DEC3D-44EB-41BD-8517-759D3228D4FF} = {3FE205E6-93F2-47D4-A5C0-5DAB776BD1B8}
		{219660ED-0B23-440A-8E58-521652318D2F} = {3FE205E6-93F2-47D4-A5C0-5DAB776BD1B8}
		{DF4982FE-F58F-4DEF-B3EC-24F9998D05C7} = {3FE205E6-93F2-47D4-A5C0-5DAB776BD1B8}
		{008893C5-352F-483F-B4EE-063EB82BF976} = {3FE205E6-93F2-47D4-A5C0-5DAB776BD1B8}
		{FBD114E5-A111-476A-A069-0A717B25BBA1} = {3FE205E6-93F2-47D4-A5C0-5DAB776BD1B8}
		{6410A8AD-BF20-4480-AEFB-62E017A28683} = {3FE205E6-93F2-47D4-A5C0-5DAB776BD1B8}
		{DFA5DEDA-D15C-46A8-B22A-714B7B6CC751} = {3FE205E6-93F2-47D4-A5C0-5DAB776BD1B8}
		{9D61DF5F-40E2-4ECB-8A62-ECA60F38C392} = {3FE205E6-93F2-47D4-A5C0-5DAB776BD1B8}
		{61DA80B1-3BFB-416A-9454-95E76D7A1062} = {3FE205E6-93F2-47D4-A5C0-5DAB776BD1B8}
		{C5FC37E1-184B-42EB-9970-592064EEA1E2} = {3FE205E6-93F2-47D4-A5C0-5DAB776BD1B8}
		{6DE0B428-15C8-4C8B-8815-29D6AA9FE70A} = {3FE205E6-93F2-47D4-A5C0-5DAB776BD1B8}
		{A32B3241-F455-474B-9128-4D803C468223} = {3FE205E6-93F2-47D4-A5C0-5DAB776BD1B8}
		{1E4F5248-9FFA-49FE-92CA-CB3394DD82FC} = {3FE205E6-93F2-47D4-A5C0-5DAB776BD1B8}
		{3E51297C-24EA-4C11-BF01-72F908AEF911} = {3FE205E6-93F2-47D4-A5C0-5DAB776BD1B8}
		{64150C76-7B43-4A68-B477-B6610DADCDE2} = {3FE205E6-93F2-47D4-A5C0-5DAB776BD1B8}
		{E19E4DFA-90FB-4DB9-AA99-E118F79829E7} = {3FE205E6-93F2-47D4-A5C0-5DAB776BD1B8}
		{B58D3C8B-0E8D-4549-A043-2D6300312C1B} = {3FE205E6-93F2-47D4-A5C0-5DAB776BD1B8}
		{AE8B9020-A1A7-4B9D-B37D-07F39FFAB1EB} = {3FE205E6-93F2-47D4-A5C0-5DAB776BD1B8}
		{A763FEA8-AE83-40E7-85B2-AC03965A7A3D} = {3FE205E6-93F2-47D4-A5C0-5DAB776BD1B8}
		{71ACF2C3-ACA1-45FF-BB2B-26497A8ED263} = {3FE205E6-93F2-47D4-A5C0-5DAB776BD1B8}
		{15CBC855-BBD5-4629-985C-5B5439CB467B} = {3FE205E6-93F2-47D4-A5C0-5DAB776BD1B8}
		{26BC4F18-7726-4700-B187-A9C127D53137} = {3FE205E6-93F2-47D4-A5C0-5DAB776BD1B8}
		{700AA257-885F-4489-9016-E3582BEDF778} = {3FE205E6-93F2-47D4-A5C0-5DAB776BD1B8}
		{DC1CF544-6A4D-4FA7-A36C-ABDFA75212D6} = {3FE205E6-93F2-47D4-A5C0-5DAB776BD1B8}
		{DF007057-C23D-4D67-BF00-EE650718F8C6} = {3FE205E6-93F2-47D4-A5C0-5DAB776BD1B8}
		{651B4CE0-6859-4589-AADC-C190D64F3241} = {3FE205E6-93F2-47D4-A5C0-5DAB776BD1B8}
		{04EECF89-D412-43E9-8F12-7C7B8F95BF43} = {3FE205E6-93F2-47D4-A5C0-5DAB776BD1B8}
		{6A1E416C-975A-4BB4-9543-DD0D4D8D03EE} = {3FE205E6-93F2-47D4-A5C0-5DAB776BD1B8}
		{345D069E-EA23-46B7-AABA-56674A29C1F2} = {3FE205E6-93F2-47D4-A5C0-5DAB776BD1B8}
		{FA3E0056-D88E-47CD-8F67-70B924D230A1} = {3FE205E6-93F2-47D4-A5C0-5DAB776BD1B8}
		{8DEADDE2-8475-4BEE-953C-771F6A8A9D8D} = {3FE205E6-93F2-47D4-A5C0-5DAB776BD1B8}
		{89A09E5D-B96A-4CD3-B394-751AD18300E6} = {3FE205E6-93F2-47D4-A5C0-5DAB776BD1B8}
		{093A259D-3218-4744-B151-B776415C647F} = {3FE205E6-93F2-47D4-A5C0-5DAB776BD1B8}
		{98A89A90-2844-48A0-B358-7A1C3B67A36B} = {3FE205E6-93F2-47D4-A5C0-5DAB776BD1B8}
		{5BE71AC3-2154-405F-B6EE-C19C669F73A0} = {3FE205E6-93F2-47D4-A5C0-5DAB776BD1B8}
		{F5F97767-C787-4F93-B6EA-3091FE82768F} = {3FE205E6-93F2-47D4-A5C0-5DAB776BD1B8}
		{4FD234F0-CED7-47C9-9034-48A18984ADBD} = {3FE205E6-93F2-47D4-A5C0-5DAB776BD1B8}
		{CCE19164-12BB-4099-BB9B-D812DC5B089E} = {3FE205E6-93F2-47D4-A5C0-5DAB776BD1B8}
		{58EC2711-CC51-42C2-8833-31EAAF1C823C} = {3FE205E6-93F2-47D4-A5C0-5DAB776BD1B8}
		{5E7A2247-55FB-4FD8-A6C5-E6EB9846D909} = {3FE205E6-93F2-47D4-A5C0-5DAB776BD1B8}
		{D380B1FC-CA42-43B7-9D79-92BCC585BC8D} = {3FE205E6-93F2-47D4-A5C0-5DAB776BD1B8}
		{3F60F976-3811-48DC-99F9-FDD08BD185D6} = {3FE205E6-93F2-47D4-A5C0-5DAB776BD1B8}
		{46CCA29C-5D8C-45B6-9838-71A66D858654} = {3FE205E6-93F2-47D4-A5C0-5DAB776BD1B8}
		{2480C04E-D7DE-4B25-B9A4-B62740588859} = {3FE205E6-93F2-47D4-A5C0-5DAB776BD1B8}
		{56DFC2D2-C95F-40B5-A80A-5FFF43CDABB8} = {3FE205E6-93F2-47D4-A5C0-5DAB776BD1B8}
		{99550317-8BA5-430B-9DB1-52B2741EC1B5} = {3FE205E6-93F2-47D4-A5C0-5DAB776BD1B8}
		{3C73D4EB-F579-4300-841F-6F8867843FD5} = {3FE205E6-93F2-47D4-A5C0-5DAB776BD1B8}
		{52B37DC6-BD49-43BE-841A-771B0C01E432} = {3FE205E6-93F2-47D4-A5C0-5DAB776BD1B8}
		{822FC1EC-D729-43F9-9E52-7B7B4B8AE8C1} = {3FE205E6-93F2-47D4-A5C0-5DAB776BD1B8}
		{3E30F38F-0FF0-4F63-AC13-E75F9393DAE1} = {3FE205E6-93F2-47D4-A5C0-5DAB776BD1B8}
		{6C77D4E2-127C-4319-8AEA-FB37AA11C55C} = {3FE205E6-93F2-47D4-A5C0-5DAB776BD1B8}
	EndGlobalSection
	GlobalSection(SolutionConfigurationPlatforms) = preSolution
		Debug|Any CPU = Debug|Any CPU
		Release|Any CPU = Release|Any CPU
	EndGlobalSection
	GlobalSection(ProjectConfigurationPlatforms) = postSolution
		{B1F5A8B5-495C-4FBD-B056-6124AC6CC619}.Debug|Any CPU.ActiveCfg = Debug|Any CPU
		{B1F5A8B5-495C-4FBD-B056-6124AC6CC619}.Debug|Any CPU.Build.0 = Debug|Any CPU
		{B1F5A8B5-495C-4FBD-B056-6124AC6CC619}.Release|Any CPU.ActiveCfg = Release|Any CPU
		{B1F5A8B5-495C-4FBD-B056-6124AC6CC619}.Release|Any CPU.Build.0 = Release|Any CPU
		{2C720689-EE4E-4904-BBCB-7C657F26CAF2}.Debug|Any CPU.ActiveCfg = Debug|Any CPU
		{2C720689-EE4E-4904-BBCB-7C657F26CAF2}.Debug|Any CPU.Build.0 = Debug|Any CPU
		{2C720689-EE4E-4904-BBCB-7C657F26CAF2}.Release|Any CPU.ActiveCfg = Release|Any CPU
		{2C720689-EE4E-4904-BBCB-7C657F26CAF2}.Release|Any CPU.Build.0 = Release|Any CPU
		{959F18B9-3EB0-4ED7-9061-740414AC0B92}.Debug|Any CPU.ActiveCfg = Debug|Any CPU
		{959F18B9-3EB0-4ED7-9061-740414AC0B92}.Debug|Any CPU.Build.0 = Debug|Any CPU
		{959F18B9-3EB0-4ED7-9061-740414AC0B92}.Release|Any CPU.ActiveCfg = Release|Any CPU
		{959F18B9-3EB0-4ED7-9061-740414AC0B92}.Release|Any CPU.Build.0 = Release|Any CPU
		{D1EC5485-50DB-4F85-BDC0-811F8E198955}.Debug|Any CPU.ActiveCfg = Debug|Any CPU
		{D1EC5485-50DB-4F85-BDC0-811F8E198955}.Debug|Any CPU.Build.0 = Debug|Any CPU
		{D1EC5485-50DB-4F85-BDC0-811F8E198955}.Release|Any CPU.ActiveCfg = Release|Any CPU
		{D1EC5485-50DB-4F85-BDC0-811F8E198955}.Release|Any CPU.Build.0 = Release|Any CPU
		{20F215B7-13F3-4736-AC87-4A0AA3B7F83C}.Debug|Any CPU.ActiveCfg = Debug|Any CPU
		{20F215B7-13F3-4736-AC87-4A0AA3B7F83C}.Debug|Any CPU.Build.0 = Debug|Any CPU
		{20F215B7-13F3-4736-AC87-4A0AA3B7F83C}.Release|Any CPU.ActiveCfg = Release|Any CPU
		{20F215B7-13F3-4736-AC87-4A0AA3B7F83C}.Release|Any CPU.Build.0 = Release|Any CPU
		{6E614CE2-F646-4E41-86C0-9F4F409BB8B8}.Debug|Any CPU.ActiveCfg = Debug|Any CPU
		{6E614CE2-F646-4E41-86C0-9F4F409BB8B8}.Debug|Any CPU.Build.0 = Debug|Any CPU
		{6E614CE2-F646-4E41-86C0-9F4F409BB8B8}.Release|Any CPU.ActiveCfg = Release|Any CPU
		{6E614CE2-F646-4E41-86C0-9F4F409BB8B8}.Release|Any CPU.Build.0 = Release|Any CPU
		{46312A59-7D99-4C82-8E1A-D5F4163B4659}.Debug|Any CPU.ActiveCfg = Debug|Any CPU
		{46312A59-7D99-4C82-8E1A-D5F4163B4659}.Debug|Any CPU.Build.0 = Debug|Any CPU
		{46312A59-7D99-4C82-8E1A-D5F4163B4659}.Release|Any CPU.ActiveCfg = Release|Any CPU
		{46312A59-7D99-4C82-8E1A-D5F4163B4659}.Release|Any CPU.Build.0 = Release|Any CPU
		{35FFE4DC-5899-41A2-AFA9-ADDFAC45EAF4}.Debug|Any CPU.ActiveCfg = Debug|Any CPU
		{35FFE4DC-5899-41A2-AFA9-ADDFAC45EAF4}.Debug|Any CPU.Build.0 = Debug|Any CPU
		{35FFE4DC-5899-41A2-AFA9-ADDFAC45EAF4}.Release|Any CPU.ActiveCfg = Release|Any CPU
		{35FFE4DC-5899-41A2-AFA9-ADDFAC45EAF4}.Release|Any CPU.Build.0 = Release|Any CPU
		{4C24C07A-2318-4F48-8C85-FFF34DA9F1EE}.Debug|Any CPU.ActiveCfg = Debug|Any CPU
		{4C24C07A-2318-4F48-8C85-FFF34DA9F1EE}.Debug|Any CPU.Build.0 = Debug|Any CPU
		{4C24C07A-2318-4F48-8C85-FFF34DA9F1EE}.Release|Any CPU.ActiveCfg = Release|Any CPU
		{4C24C07A-2318-4F48-8C85-FFF34DA9F1EE}.Release|Any CPU.Build.0 = Release|Any CPU
		{39FB5A60-0A93-456D-AE90-C86CD1A2460A}.Debug|Any CPU.ActiveCfg = Debug|Any CPU
		{39FB5A60-0A93-456D-AE90-C86CD1A2460A}.Debug|Any CPU.Build.0 = Debug|Any CPU
		{39FB5A60-0A93-456D-AE90-C86CD1A2460A}.Release|Any CPU.ActiveCfg = Release|Any CPU
		{39FB5A60-0A93-456D-AE90-C86CD1A2460A}.Release|Any CPU.Build.0 = Release|Any CPU
		{91ADBEFC-EF98-44BB-80EB-866470DD5C7D}.Debug|Any CPU.ActiveCfg = Debug|Any CPU
		{91ADBEFC-EF98-44BB-80EB-866470DD5C7D}.Debug|Any CPU.Build.0 = Debug|Any CPU
		{91ADBEFC-EF98-44BB-80EB-866470DD5C7D}.Release|Any CPU.ActiveCfg = Release|Any CPU
		{91ADBEFC-EF98-44BB-80EB-866470DD5C7D}.Release|Any CPU.Build.0 = Release|Any CPU
		{E6E77E96-7E6E-4B50-8477-7240E4032952}.Debug|Any CPU.ActiveCfg = Debug|Any CPU
		{E6E77E96-7E6E-4B50-8477-7240E4032952}.Debug|Any CPU.Build.0 = Debug|Any CPU
		{E6E77E96-7E6E-4B50-8477-7240E4032952}.Release|Any CPU.ActiveCfg = Release|Any CPU
		{E6E77E96-7E6E-4B50-8477-7240E4032952}.Release|Any CPU.Build.0 = Release|Any CPU
		{947E5E23-38C5-4994-9EC9-737FF0CC3DC5}.Debug|Any CPU.ActiveCfg = Debug|Any CPU
		{947E5E23-38C5-4994-9EC9-737FF0CC3DC5}.Debug|Any CPU.Build.0 = Debug|Any CPU
		{947E5E23-38C5-4994-9EC9-737FF0CC3DC5}.Release|Any CPU.ActiveCfg = Release|Any CPU
		{947E5E23-38C5-4994-9EC9-737FF0CC3DC5}.Release|Any CPU.Build.0 = Release|Any CPU
		{ADA2D463-1B2D-4C2E-A87B-4D91A6BF6356}.Debug|Any CPU.ActiveCfg = Debug|Any CPU
		{ADA2D463-1B2D-4C2E-A87B-4D91A6BF6356}.Debug|Any CPU.Build.0 = Debug|Any CPU
		{ADA2D463-1B2D-4C2E-A87B-4D91A6BF6356}.Release|Any CPU.ActiveCfg = Release|Any CPU
		{ADA2D463-1B2D-4C2E-A87B-4D91A6BF6356}.Release|Any CPU.Build.0 = Release|Any CPU
		{DECD6C88-6CCE-46B2-B313-69CB8113A335}.Debug|Any CPU.ActiveCfg = Debug|Any CPU
		{DECD6C88-6CCE-46B2-B313-69CB8113A335}.Debug|Any CPU.Build.0 = Debug|Any CPU
		{DECD6C88-6CCE-46B2-B313-69CB8113A335}.Release|Any CPU.ActiveCfg = Release|Any CPU
		{DECD6C88-6CCE-46B2-B313-69CB8113A335}.Release|Any CPU.Build.0 = Release|Any CPU
		{8E208E18-E1F8-47FD-9469-59C5452DE39F}.Debug|Any CPU.ActiveCfg = Debug|Any CPU
		{8E208E18-E1F8-47FD-9469-59C5452DE39F}.Debug|Any CPU.Build.0 = Debug|Any CPU
		{8E208E18-E1F8-47FD-9469-59C5452DE39F}.Release|Any CPU.ActiveCfg = Release|Any CPU
		{8E208E18-E1F8-47FD-9469-59C5452DE39F}.Release|Any CPU.Build.0 = Release|Any CPU
		{8A1A9F01-35A6-4496-8C1B-8B1744E0FCDB}.Debug|Any CPU.ActiveCfg = Debug|Any CPU
		{8A1A9F01-35A6-4496-8C1B-8B1744E0FCDB}.Debug|Any CPU.Build.0 = Debug|Any CPU
		{8A1A9F01-35A6-4496-8C1B-8B1744E0FCDB}.Release|Any CPU.ActiveCfg = Release|Any CPU
		{8A1A9F01-35A6-4496-8C1B-8B1744E0FCDB}.Release|Any CPU.Build.0 = Release|Any CPU
		{755D7FE3-4E8A-40D9-88CB-CC95635A49BF}.Debug|Any CPU.ActiveCfg = Debug|Any CPU
		{755D7FE3-4E8A-40D9-88CB-CC95635A49BF}.Debug|Any CPU.Build.0 = Debug|Any CPU
		{755D7FE3-4E8A-40D9-88CB-CC95635A49BF}.Release|Any CPU.ActiveCfg = Release|Any CPU
		{755D7FE3-4E8A-40D9-88CB-CC95635A49BF}.Release|Any CPU.Build.0 = Release|Any CPU
		{0963ADC8-9171-49DB-B010-09B02E838AA6}.Debug|Any CPU.ActiveCfg = Debug|Any CPU
		{0963ADC8-9171-49DB-B010-09B02E838AA6}.Debug|Any CPU.Build.0 = Debug|Any CPU
		{0963ADC8-9171-49DB-B010-09B02E838AA6}.Release|Any CPU.ActiveCfg = Release|Any CPU
		{0963ADC8-9171-49DB-B010-09B02E838AA6}.Release|Any CPU.Build.0 = Release|Any CPU
		{C441B71C-0C23-4975-A1A4-22210D651B21}.Debug|Any CPU.ActiveCfg = Debug|Any CPU
		{C441B71C-0C23-4975-A1A4-22210D651B21}.Debug|Any CPU.Build.0 = Debug|Any CPU
		{C441B71C-0C23-4975-A1A4-22210D651B21}.Release|Any CPU.ActiveCfg = Release|Any CPU
		{C441B71C-0C23-4975-A1A4-22210D651B21}.Release|Any CPU.Build.0 = Release|Any CPU
		{45E313C5-9F19-4320-A414-674D36C2DF2C}.Debug|Any CPU.ActiveCfg = Debug|Any CPU
		{45E313C5-9F19-4320-A414-674D36C2DF2C}.Debug|Any CPU.Build.0 = Debug|Any CPU
		{45E313C5-9F19-4320-A414-674D36C2DF2C}.Release|Any CPU.ActiveCfg = Release|Any CPU
		{45E313C5-9F19-4320-A414-674D36C2DF2C}.Release|Any CPU.Build.0 = Release|Any CPU
		{B01EA187-2AA8-4AD4-A94D-31CA1E84F023}.Debug|Any CPU.ActiveCfg = Debug|Any CPU
		{B01EA187-2AA8-4AD4-A94D-31CA1E84F023}.Debug|Any CPU.Build.0 = Debug|Any CPU
		{B01EA187-2AA8-4AD4-A94D-31CA1E84F023}.Release|Any CPU.ActiveCfg = Release|Any CPU
		{B01EA187-2AA8-4AD4-A94D-31CA1E84F023}.Release|Any CPU.Build.0 = Release|Any CPU
		{444B8E1D-65D3-4553-9C72-C0F726E140D4}.Debug|Any CPU.ActiveCfg = Debug|Any CPU
		{444B8E1D-65D3-4553-9C72-C0F726E140D4}.Debug|Any CPU.Build.0 = Debug|Any CPU
		{444B8E1D-65D3-4553-9C72-C0F726E140D4}.Release|Any CPU.ActiveCfg = Release|Any CPU
		{444B8E1D-65D3-4553-9C72-C0F726E140D4}.Release|Any CPU.Build.0 = Release|Any CPU
		{13E0C91B-86F4-4B6F-B994-8EB3C9D56DC5}.Debug|Any CPU.ActiveCfg = Debug|Any CPU
		{13E0C91B-86F4-4B6F-B994-8EB3C9D56DC5}.Debug|Any CPU.Build.0 = Debug|Any CPU
		{13E0C91B-86F4-4B6F-B994-8EB3C9D56DC5}.Release|Any CPU.ActiveCfg = Release|Any CPU
		{13E0C91B-86F4-4B6F-B994-8EB3C9D56DC5}.Release|Any CPU.Build.0 = Release|Any CPU
		{3F4C1EA4-2B73-4B2B-B009-A44DAAB221D0}.Debug|Any CPU.ActiveCfg = Debug|Any CPU
		{3F4C1EA4-2B73-4B2B-B009-A44DAAB221D0}.Debug|Any CPU.Build.0 = Debug|Any CPU
		{3F4C1EA4-2B73-4B2B-B009-A44DAAB221D0}.Release|Any CPU.ActiveCfg = Release|Any CPU
		{3F4C1EA4-2B73-4B2B-B009-A44DAAB221D0}.Release|Any CPU.Build.0 = Release|Any CPU
		{3C89553C-5218-4358-BBBB-1E805D48CFE4}.Debug|Any CPU.ActiveCfg = Debug|Any CPU
		{3C89553C-5218-4358-BBBB-1E805D48CFE4}.Debug|Any CPU.Build.0 = Debug|Any CPU
		{3C89553C-5218-4358-BBBB-1E805D48CFE4}.Release|Any CPU.ActiveCfg = Release|Any CPU
		{3C89553C-5218-4358-BBBB-1E805D48CFE4}.Release|Any CPU.Build.0 = Release|Any CPU
		{3E9D42A1-E8CE-4724-BAA4-014F1EB46418}.Debug|Any CPU.ActiveCfg = Debug|Any CPU
		{3E9D42A1-E8CE-4724-BAA4-014F1EB46418}.Debug|Any CPU.Build.0 = Debug|Any CPU
		{3E9D42A1-E8CE-4724-BAA4-014F1EB46418}.Release|Any CPU.ActiveCfg = Release|Any CPU
		{3E9D42A1-E8CE-4724-BAA4-014F1EB46418}.Release|Any CPU.Build.0 = Release|Any CPU
		{813B353D-73DC-4AA7-B7A6-9761DF8DDC7E}.Debug|Any CPU.ActiveCfg = Debug|Any CPU
		{813B353D-73DC-4AA7-B7A6-9761DF8DDC7E}.Debug|Any CPU.Build.0 = Debug|Any CPU
		{813B353D-73DC-4AA7-B7A6-9761DF8DDC7E}.Release|Any CPU.ActiveCfg = Release|Any CPU
		{813B353D-73DC-4AA7-B7A6-9761DF8DDC7E}.Release|Any CPU.Build.0 = Release|Any CPU
		{70A41B29-8975-42CB-90FF-07057B3F5555}.Debug|Any CPU.ActiveCfg = Debug|Any CPU
		{70A41B29-8975-42CB-90FF-07057B3F5555}.Debug|Any CPU.Build.0 = Debug|Any CPU
		{70A41B29-8975-42CB-90FF-07057B3F5555}.Release|Any CPU.ActiveCfg = Release|Any CPU
		{70A41B29-8975-42CB-90FF-07057B3F5555}.Release|Any CPU.Build.0 = Release|Any CPU
		{E2DB644F-B4EE-4E13-8B0B-902726D06C20}.Debug|Any CPU.ActiveCfg = Debug|Any CPU
		{E2DB644F-B4EE-4E13-8B0B-902726D06C20}.Debug|Any CPU.Build.0 = Debug|Any CPU
		{E2DB644F-B4EE-4E13-8B0B-902726D06C20}.Release|Any CPU.ActiveCfg = Release|Any CPU
		{E2DB644F-B4EE-4E13-8B0B-902726D06C20}.Release|Any CPU.Build.0 = Release|Any CPU
		{5C286B95-7427-4B78-A06A-65847CDF734A}.Debug|Any CPU.ActiveCfg = Debug|Any CPU
		{5C286B95-7427-4B78-A06A-65847CDF734A}.Debug|Any CPU.Build.0 = Debug|Any CPU
		{5C286B95-7427-4B78-A06A-65847CDF734A}.Release|Any CPU.ActiveCfg = Release|Any CPU
		{5C286B95-7427-4B78-A06A-65847CDF734A}.Release|Any CPU.Build.0 = Release|Any CPU
		{1115E863-534F-4911-8369-C9E1AC28349D}.Debug|Any CPU.ActiveCfg = Debug|Any CPU
		{1115E863-534F-4911-8369-C9E1AC28349D}.Debug|Any CPU.Build.0 = Debug|Any CPU
		{1115E863-534F-4911-8369-C9E1AC28349D}.Release|Any CPU.ActiveCfg = Release|Any CPU
		{1115E863-534F-4911-8369-C9E1AC28349D}.Release|Any CPU.Build.0 = Release|Any CPU
		{980F8E2F-3B51-4D28-A49F-DDF96368A878}.Debug|Any CPU.ActiveCfg = Debug|Any CPU
		{980F8E2F-3B51-4D28-A49F-DDF96368A878}.Debug|Any CPU.Build.0 = Debug|Any CPU
		{980F8E2F-3B51-4D28-A49F-DDF96368A878}.Release|Any CPU.ActiveCfg = Release|Any CPU
		{980F8E2F-3B51-4D28-A49F-DDF96368A878}.Release|Any CPU.Build.0 = Release|Any CPU
		{10B4D066-C97D-45BA-8A5B-E58334B4ACE6}.Debug|Any CPU.ActiveCfg = Debug|Any CPU
		{10B4D066-C97D-45BA-8A5B-E58334B4ACE6}.Debug|Any CPU.Build.0 = Debug|Any CPU
		{10B4D066-C97D-45BA-8A5B-E58334B4ACE6}.Release|Any CPU.ActiveCfg = Release|Any CPU
		{10B4D066-C97D-45BA-8A5B-E58334B4ACE6}.Release|Any CPU.Build.0 = Release|Any CPU
		{15C70D3A-EF16-41DB-8F75-5BE201933B35}.Debug|Any CPU.ActiveCfg = Debug|Any CPU
		{15C70D3A-EF16-41DB-8F75-5BE201933B35}.Debug|Any CPU.Build.0 = Debug|Any CPU
		{15C70D3A-EF16-41DB-8F75-5BE201933B35}.Release|Any CPU.ActiveCfg = Release|Any CPU
		{15C70D3A-EF16-41DB-8F75-5BE201933B35}.Release|Any CPU.Build.0 = Release|Any CPU
		{4602B0BF-0A72-40A2-BDB1-649673B96D4E}.Debug|Any CPU.ActiveCfg = Debug|Any CPU
		{4602B0BF-0A72-40A2-BDB1-649673B96D4E}.Debug|Any CPU.Build.0 = Debug|Any CPU
		{4602B0BF-0A72-40A2-BDB1-649673B96D4E}.Release|Any CPU.ActiveCfg = Release|Any CPU
		{4602B0BF-0A72-40A2-BDB1-649673B96D4E}.Release|Any CPU.Build.0 = Release|Any CPU
		{931C724F-633C-4704-AF2A-CEB353211A12}.Debug|Any CPU.ActiveCfg = Debug|Any CPU
		{931C724F-633C-4704-AF2A-CEB353211A12}.Debug|Any CPU.Build.0 = Debug|Any CPU
		{931C724F-633C-4704-AF2A-CEB353211A12}.Release|Any CPU.ActiveCfg = Release|Any CPU
		{931C724F-633C-4704-AF2A-CEB353211A12}.Release|Any CPU.Build.0 = Release|Any CPU
		{EF5BA3C4-C879-4DA1-9C6F-4A30E153C5B6}.Debug|Any CPU.ActiveCfg = Debug|Any CPU
		{EF5BA3C4-C879-4DA1-9C6F-4A30E153C5B6}.Debug|Any CPU.Build.0 = Debug|Any CPU
		{EF5BA3C4-C879-4DA1-9C6F-4A30E153C5B6}.Release|Any CPU.ActiveCfg = Release|Any CPU
		{EF5BA3C4-C879-4DA1-9C6F-4A30E153C5B6}.Release|Any CPU.Build.0 = Release|Any CPU
		{31627355-9E71-4067-B42D-DB648D623BB4}.Debug|Any CPU.ActiveCfg = Debug|Any CPU
		{31627355-9E71-4067-B42D-DB648D623BB4}.Debug|Any CPU.Build.0 = Debug|Any CPU
		{31627355-9E71-4067-B42D-DB648D623BB4}.Release|Any CPU.ActiveCfg = Release|Any CPU
		{31627355-9E71-4067-B42D-DB648D623BB4}.Release|Any CPU.Build.0 = Release|Any CPU
		{20DFE1D0-AD7A-4409-9E7A-1ED056382B3E}.Debug|Any CPU.ActiveCfg = Debug|Any CPU
		{20DFE1D0-AD7A-4409-9E7A-1ED056382B3E}.Debug|Any CPU.Build.0 = Debug|Any CPU
		{20DFE1D0-AD7A-4409-9E7A-1ED056382B3E}.Release|Any CPU.ActiveCfg = Release|Any CPU
		{20DFE1D0-AD7A-4409-9E7A-1ED056382B3E}.Release|Any CPU.Build.0 = Release|Any CPU
		{45752CA9-9BD9-452D-9E7E-0996A5301575}.Debug|Any CPU.ActiveCfg = Debug|Any CPU
		{45752CA9-9BD9-452D-9E7E-0996A5301575}.Debug|Any CPU.Build.0 = Debug|Any CPU
		{45752CA9-9BD9-452D-9E7E-0996A5301575}.Release|Any CPU.ActiveCfg = Release|Any CPU
		{45752CA9-9BD9-452D-9E7E-0996A5301575}.Release|Any CPU.Build.0 = Release|Any CPU
		{B2C47F38-F6C9-4BFD-AB20-B2FD07157407}.Debug|Any CPU.ActiveCfg = Debug|Any CPU
		{B2C47F38-F6C9-4BFD-AB20-B2FD07157407}.Debug|Any CPU.Build.0 = Debug|Any CPU
		{B2C47F38-F6C9-4BFD-AB20-B2FD07157407}.Release|Any CPU.ActiveCfg = Release|Any CPU
		{B2C47F38-F6C9-4BFD-AB20-B2FD07157407}.Release|Any CPU.Build.0 = Release|Any CPU
		{DAD99DA3-307D-4EE2-8A4D-3F7148FEA3B0}.Debug|Any CPU.ActiveCfg = Debug|Any CPU
		{DAD99DA3-307D-4EE2-8A4D-3F7148FEA3B0}.Debug|Any CPU.Build.0 = Debug|Any CPU
		{DAD99DA3-307D-4EE2-8A4D-3F7148FEA3B0}.Release|Any CPU.ActiveCfg = Release|Any CPU
		{DAD99DA3-307D-4EE2-8A4D-3F7148FEA3B0}.Release|Any CPU.Build.0 = Release|Any CPU
		{CB675DE7-5960-4F14-8997-B761552D0C48}.Debug|Any CPU.ActiveCfg = Debug|Any CPU
		{CB675DE7-5960-4F14-8997-B761552D0C48}.Debug|Any CPU.Build.0 = Debug|Any CPU
		{CB675DE7-5960-4F14-8997-B761552D0C48}.Release|Any CPU.ActiveCfg = Release|Any CPU
		{CB675DE7-5960-4F14-8997-B761552D0C48}.Release|Any CPU.Build.0 = Release|Any CPU
		{BE7FFD74-79B5-47E3-9118-CC2FC0BFD138}.Debug|Any CPU.ActiveCfg = Debug|Any CPU
		{BE7FFD74-79B5-47E3-9118-CC2FC0BFD138}.Debug|Any CPU.Build.0 = Debug|Any CPU
		{BE7FFD74-79B5-47E3-9118-CC2FC0BFD138}.Release|Any CPU.ActiveCfg = Release|Any CPU
		{BE7FFD74-79B5-47E3-9118-CC2FC0BFD138}.Release|Any CPU.Build.0 = Release|Any CPU
		{7AAB252D-194B-4E2C-BC76-214F72C6272C}.Debug|Any CPU.ActiveCfg = Debug|Any CPU
		{7AAB252D-194B-4E2C-BC76-214F72C6272C}.Debug|Any CPU.Build.0 = Debug|Any CPU
		{7AAB252D-194B-4E2C-BC76-214F72C6272C}.Release|Any CPU.ActiveCfg = Release|Any CPU
		{7AAB252D-194B-4E2C-BC76-214F72C6272C}.Release|Any CPU.Build.0 = Release|Any CPU
		{99D092FE-7426-414F-9C70-0D3B86EEC9E3}.Debug|Any CPU.ActiveCfg = Debug|Any CPU
		{99D092FE-7426-414F-9C70-0D3B86EEC9E3}.Debug|Any CPU.Build.0 = Debug|Any CPU
		{99D092FE-7426-414F-9C70-0D3B86EEC9E3}.Release|Any CPU.ActiveCfg = Release|Any CPU
		{99D092FE-7426-414F-9C70-0D3B86EEC9E3}.Release|Any CPU.Build.0 = Release|Any CPU
		{39C01016-0E9C-4CB9-BE70-469B0F6381D5}.Debug|Any CPU.ActiveCfg = Debug|Any CPU
		{39C01016-0E9C-4CB9-BE70-469B0F6381D5}.Debug|Any CPU.Build.0 = Debug|Any CPU
		{39C01016-0E9C-4CB9-BE70-469B0F6381D5}.Release|Any CPU.ActiveCfg = Release|Any CPU
		{39C01016-0E9C-4CB9-BE70-469B0F6381D5}.Release|Any CPU.Build.0 = Release|Any CPU
		{6138E7A1-64A9-4265-A24D-311A3DEAD154}.Debug|Any CPU.ActiveCfg = Debug|Any CPU
		{6138E7A1-64A9-4265-A24D-311A3DEAD154}.Debug|Any CPU.Build.0 = Debug|Any CPU
		{6138E7A1-64A9-4265-A24D-311A3DEAD154}.Release|Any CPU.ActiveCfg = Release|Any CPU
		{6138E7A1-64A9-4265-A24D-311A3DEAD154}.Release|Any CPU.Build.0 = Release|Any CPU
		{37B0CA07-D84D-40D4-9125-160ABF4A0437}.Debug|Any CPU.ActiveCfg = Debug|Any CPU
		{37B0CA07-D84D-40D4-9125-160ABF4A0437}.Debug|Any CPU.Build.0 = Debug|Any CPU
		{37B0CA07-D84D-40D4-9125-160ABF4A0437}.Release|Any CPU.ActiveCfg = Release|Any CPU
		{37B0CA07-D84D-40D4-9125-160ABF4A0437}.Release|Any CPU.Build.0 = Release|Any CPU
		{EA7DEC3D-44EB-41BD-8517-759D3228D4FF}.Debug|Any CPU.ActiveCfg = Debug|Any CPU
		{EA7DEC3D-44EB-41BD-8517-759D3228D4FF}.Debug|Any CPU.Build.0 = Debug|Any CPU
		{EA7DEC3D-44EB-41BD-8517-759D3228D4FF}.Release|Any CPU.ActiveCfg = Release|Any CPU
		{EA7DEC3D-44EB-41BD-8517-759D3228D4FF}.Release|Any CPU.Build.0 = Release|Any CPU
		{219660ED-0B23-440A-8E58-521652318D2F}.Debug|Any CPU.ActiveCfg = Debug|Any CPU
		{219660ED-0B23-440A-8E58-521652318D2F}.Debug|Any CPU.Build.0 = Debug|Any CPU
		{219660ED-0B23-440A-8E58-521652318D2F}.Release|Any CPU.ActiveCfg = Release|Any CPU
		{219660ED-0B23-440A-8E58-521652318D2F}.Release|Any CPU.Build.0 = Release|Any CPU
		{DF4982FE-F58F-4DEF-B3EC-24F9998D05C7}.Debug|Any CPU.ActiveCfg = Debug|Any CPU
		{DF4982FE-F58F-4DEF-B3EC-24F9998D05C7}.Debug|Any CPU.Build.0 = Debug|Any CPU
		{DF4982FE-F58F-4DEF-B3EC-24F9998D05C7}.Release|Any CPU.ActiveCfg = Release|Any CPU
		{DF4982FE-F58F-4DEF-B3EC-24F9998D05C7}.Release|Any CPU.Build.0 = Release|Any CPU
		{008893C5-352F-483F-B4EE-063EB82BF976}.Debug|Any CPU.ActiveCfg = Debug|Any CPU
		{008893C5-352F-483F-B4EE-063EB82BF976}.Debug|Any CPU.Build.0 = Debug|Any CPU
		{008893C5-352F-483F-B4EE-063EB82BF976}.Release|Any CPU.ActiveCfg = Release|Any CPU
		{008893C5-352F-483F-B4EE-063EB82BF976}.Release|Any CPU.Build.0 = Release|Any CPU
		{FBD114E5-A111-476A-A069-0A717B25BBA1}.Debug|Any CPU.ActiveCfg = Debug|Any CPU
		{FBD114E5-A111-476A-A069-0A717B25BBA1}.Debug|Any CPU.Build.0 = Debug|Any CPU
		{FBD114E5-A111-476A-A069-0A717B25BBA1}.Release|Any CPU.ActiveCfg = Release|Any CPU
		{FBD114E5-A111-476A-A069-0A717B25BBA1}.Release|Any CPU.Build.0 = Release|Any CPU
		{6410A8AD-BF20-4480-AEFB-62E017A28683}.Debug|Any CPU.ActiveCfg = Debug|Any CPU
		{6410A8AD-BF20-4480-AEFB-62E017A28683}.Debug|Any CPU.Build.0 = Debug|Any CPU
		{6410A8AD-BF20-4480-AEFB-62E017A28683}.Release|Any CPU.ActiveCfg = Release|Any CPU
		{6410A8AD-BF20-4480-AEFB-62E017A28683}.Release|Any CPU.Build.0 = Release|Any CPU
		{DFA5DEDA-D15C-46A8-B22A-714B7B6CC751}.Debug|Any CPU.ActiveCfg = Debug|Any CPU
		{DFA5DEDA-D15C-46A8-B22A-714B7B6CC751}.Debug|Any CPU.Build.0 = Debug|Any CPU
		{DFA5DEDA-D15C-46A8-B22A-714B7B6CC751}.Release|Any CPU.ActiveCfg = Release|Any CPU
		{DFA5DEDA-D15C-46A8-B22A-714B7B6CC751}.Release|Any CPU.Build.0 = Release|Any CPU
		{9D61DF5F-40E2-4ECB-8A62-ECA60F38C392}.Debug|Any CPU.ActiveCfg = Debug|Any CPU
		{9D61DF5F-40E2-4ECB-8A62-ECA60F38C392}.Debug|Any CPU.Build.0 = Debug|Any CPU
		{9D61DF5F-40E2-4ECB-8A62-ECA60F38C392}.Release|Any CPU.ActiveCfg = Release|Any CPU
		{9D61DF5F-40E2-4ECB-8A62-ECA60F38C392}.Release|Any CPU.Build.0 = Release|Any CPU
		{61DA80B1-3BFB-416A-9454-95E76D7A1062}.Debug|Any CPU.ActiveCfg = Debug|Any CPU
		{61DA80B1-3BFB-416A-9454-95E76D7A1062}.Debug|Any CPU.Build.0 = Debug|Any CPU
		{61DA80B1-3BFB-416A-9454-95E76D7A1062}.Release|Any CPU.ActiveCfg = Release|Any CPU
		{61DA80B1-3BFB-416A-9454-95E76D7A1062}.Release|Any CPU.Build.0 = Release|Any CPU
		{C5FC37E1-184B-42EB-9970-592064EEA1E2}.Debug|Any CPU.ActiveCfg = Debug|Any CPU
		{C5FC37E1-184B-42EB-9970-592064EEA1E2}.Debug|Any CPU.Build.0 = Debug|Any CPU
		{C5FC37E1-184B-42EB-9970-592064EEA1E2}.Release|Any CPU.ActiveCfg = Release|Any CPU
		{C5FC37E1-184B-42EB-9970-592064EEA1E2}.Release|Any CPU.Build.0 = Release|Any CPU
		{6DE0B428-15C8-4C8B-8815-29D6AA9FE70A}.Debug|Any CPU.ActiveCfg = Debug|Any CPU
		{6DE0B428-15C8-4C8B-8815-29D6AA9FE70A}.Debug|Any CPU.Build.0 = Debug|Any CPU
		{6DE0B428-15C8-4C8B-8815-29D6AA9FE70A}.Release|Any CPU.ActiveCfg = Release|Any CPU
		{6DE0B428-15C8-4C8B-8815-29D6AA9FE70A}.Release|Any CPU.Build.0 = Release|Any CPU
		{A32B3241-F455-474B-9128-4D803C468223}.Debug|Any CPU.ActiveCfg = Debug|Any CPU
		{A32B3241-F455-474B-9128-4D803C468223}.Debug|Any CPU.Build.0 = Debug|Any CPU
		{A32B3241-F455-474B-9128-4D803C468223}.Release|Any CPU.ActiveCfg = Release|Any CPU
		{A32B3241-F455-474B-9128-4D803C468223}.Release|Any CPU.Build.0 = Release|Any CPU
		{1E4F5248-9FFA-49FE-92CA-CB3394DD82FC}.Debug|Any CPU.ActiveCfg = Debug|Any CPU
		{1E4F5248-9FFA-49FE-92CA-CB3394DD82FC}.Debug|Any CPU.Build.0 = Debug|Any CPU
		{1E4F5248-9FFA-49FE-92CA-CB3394DD82FC}.Release|Any CPU.ActiveCfg = Release|Any CPU
		{1E4F5248-9FFA-49FE-92CA-CB3394DD82FC}.Release|Any CPU.Build.0 = Release|Any CPU
		{3E51297C-24EA-4C11-BF01-72F908AEF911}.Debug|Any CPU.ActiveCfg = Debug|Any CPU
		{3E51297C-24EA-4C11-BF01-72F908AEF911}.Debug|Any CPU.Build.0 = Debug|Any CPU
		{3E51297C-24EA-4C11-BF01-72F908AEF911}.Release|Any CPU.ActiveCfg = Release|Any CPU
		{3E51297C-24EA-4C11-BF01-72F908AEF911}.Release|Any CPU.Build.0 = Release|Any CPU
		{64150C76-7B43-4A68-B477-B6610DADCDE2}.Debug|Any CPU.ActiveCfg = Debug|Any CPU
		{64150C76-7B43-4A68-B477-B6610DADCDE2}.Debug|Any CPU.Build.0 = Debug|Any CPU
		{64150C76-7B43-4A68-B477-B6610DADCDE2}.Release|Any CPU.ActiveCfg = Release|Any CPU
		{64150C76-7B43-4A68-B477-B6610DADCDE2}.Release|Any CPU.Build.0 = Release|Any CPU
		{E19E4DFA-90FB-4DB9-AA99-E118F79829E7}.Debug|Any CPU.ActiveCfg = Debug|Any CPU
		{E19E4DFA-90FB-4DB9-AA99-E118F79829E7}.Debug|Any CPU.Build.0 = Debug|Any CPU
		{E19E4DFA-90FB-4DB9-AA99-E118F79829E7}.Release|Any CPU.ActiveCfg = Release|Any CPU
		{E19E4DFA-90FB-4DB9-AA99-E118F79829E7}.Release|Any CPU.Build.0 = Release|Any CPU
		{B58D3C8B-0E8D-4549-A043-2D6300312C1B}.Debug|Any CPU.ActiveCfg = Debug|Any CPU
		{B58D3C8B-0E8D-4549-A043-2D6300312C1B}.Debug|Any CPU.Build.0 = Debug|Any CPU
		{B58D3C8B-0E8D-4549-A043-2D6300312C1B}.Release|Any CPU.ActiveCfg = Release|Any CPU
		{B58D3C8B-0E8D-4549-A043-2D6300312C1B}.Release|Any CPU.Build.0 = Release|Any CPU
		{AE8B9020-A1A7-4B9D-B37D-07F39FFAB1EB}.Debug|Any CPU.ActiveCfg = Debug|Any CPU
		{AE8B9020-A1A7-4B9D-B37D-07F39FFAB1EB}.Debug|Any CPU.Build.0 = Debug|Any CPU
		{AE8B9020-A1A7-4B9D-B37D-07F39FFAB1EB}.Release|Any CPU.ActiveCfg = Release|Any CPU
		{AE8B9020-A1A7-4B9D-B37D-07F39FFAB1EB}.Release|Any CPU.Build.0 = Release|Any CPU
		{A763FEA8-AE83-40E7-85B2-AC03965A7A3D}.Debug|Any CPU.ActiveCfg = Debug|Any CPU
		{A763FEA8-AE83-40E7-85B2-AC03965A7A3D}.Debug|Any CPU.Build.0 = Debug|Any CPU
		{A763FEA8-AE83-40E7-85B2-AC03965A7A3D}.Release|Any CPU.ActiveCfg = Release|Any CPU
		{A763FEA8-AE83-40E7-85B2-AC03965A7A3D}.Release|Any CPU.Build.0 = Release|Any CPU
		{71ACF2C3-ACA1-45FF-BB2B-26497A8ED263}.Debug|Any CPU.ActiveCfg = Debug|Any CPU
		{71ACF2C3-ACA1-45FF-BB2B-26497A8ED263}.Debug|Any CPU.Build.0 = Debug|Any CPU
		{71ACF2C3-ACA1-45FF-BB2B-26497A8ED263}.Release|Any CPU.ActiveCfg = Release|Any CPU
		{71ACF2C3-ACA1-45FF-BB2B-26497A8ED263}.Release|Any CPU.Build.0 = Release|Any CPU
		{15CBC855-BBD5-4629-985C-5B5439CB467B}.Debug|Any CPU.ActiveCfg = Debug|Any CPU
		{15CBC855-BBD5-4629-985C-5B5439CB467B}.Debug|Any CPU.Build.0 = Debug|Any CPU
		{15CBC855-BBD5-4629-985C-5B5439CB467B}.Release|Any CPU.ActiveCfg = Release|Any CPU
		{15CBC855-BBD5-4629-985C-5B5439CB467B}.Release|Any CPU.Build.0 = Release|Any CPU
		{26BC4F18-7726-4700-B187-A9C127D53137}.Debug|Any CPU.ActiveCfg = Debug|Any CPU
		{26BC4F18-7726-4700-B187-A9C127D53137}.Debug|Any CPU.Build.0 = Debug|Any CPU
		{26BC4F18-7726-4700-B187-A9C127D53137}.Release|Any CPU.ActiveCfg = Release|Any CPU
		{26BC4F18-7726-4700-B187-A9C127D53137}.Release|Any CPU.Build.0 = Release|Any CPU
		{700AA257-885F-4489-9016-E3582BEDF778}.Debug|Any CPU.ActiveCfg = Debug|Any CPU
		{700AA257-885F-4489-9016-E3582BEDF778}.Debug|Any CPU.Build.0 = Debug|Any CPU
		{700AA257-885F-4489-9016-E3582BEDF778}.Release|Any CPU.ActiveCfg = Release|Any CPU
		{700AA257-885F-4489-9016-E3582BEDF778}.Release|Any CPU.Build.0 = Release|Any CPU
		{DC1CF544-6A4D-4FA7-A36C-ABDFA75212D6}.Debug|Any CPU.ActiveCfg = Debug|Any CPU
		{DC1CF544-6A4D-4FA7-A36C-ABDFA75212D6}.Debug|Any CPU.Build.0 = Debug|Any CPU
		{DC1CF544-6A4D-4FA7-A36C-ABDFA75212D6}.Release|Any CPU.ActiveCfg = Release|Any CPU
		{DC1CF544-6A4D-4FA7-A36C-ABDFA75212D6}.Release|Any CPU.Build.0 = Release|Any CPU
		{DF007057-C23D-4D67-BF00-EE650718F8C6}.Debug|Any CPU.ActiveCfg = Debug|Any CPU
		{DF007057-C23D-4D67-BF00-EE650718F8C6}.Debug|Any CPU.Build.0 = Debug|Any CPU
		{DF007057-C23D-4D67-BF00-EE650718F8C6}.Release|Any CPU.ActiveCfg = Release|Any CPU
		{DF007057-C23D-4D67-BF00-EE650718F8C6}.Release|Any CPU.Build.0 = Release|Any CPU
		{651B4CE0-6859-4589-AADC-C190D64F3241}.Debug|Any CPU.ActiveCfg = Debug|Any CPU
		{651B4CE0-6859-4589-AADC-C190D64F3241}.Debug|Any CPU.Build.0 = Debug|Any CPU
		{651B4CE0-6859-4589-AADC-C190D64F3241}.Release|Any CPU.ActiveCfg = Release|Any CPU
		{651B4CE0-6859-4589-AADC-C190D64F3241}.Release|Any CPU.Build.0 = Release|Any CPU
		{04EECF89-D412-43E9-8F12-7C7B8F95BF43}.Debug|Any CPU.ActiveCfg = Debug|Any CPU
		{04EECF89-D412-43E9-8F12-7C7B8F95BF43}.Debug|Any CPU.Build.0 = Debug|Any CPU
		{04EECF89-D412-43E9-8F12-7C7B8F95BF43}.Release|Any CPU.ActiveCfg = Release|Any CPU
		{04EECF89-D412-43E9-8F12-7C7B8F95BF43}.Release|Any CPU.Build.0 = Release|Any CPU
		{6A1E416C-975A-4BB4-9543-DD0D4D8D03EE}.Debug|Any CPU.ActiveCfg = Debug|Any CPU
		{6A1E416C-975A-4BB4-9543-DD0D4D8D03EE}.Debug|Any CPU.Build.0 = Debug|Any CPU
		{6A1E416C-975A-4BB4-9543-DD0D4D8D03EE}.Release|Any CPU.ActiveCfg = Release|Any CPU
		{6A1E416C-975A-4BB4-9543-DD0D4D8D03EE}.Release|Any CPU.Build.0 = Release|Any CPU
		{345D069E-EA23-46B7-AABA-56674A29C1F2}.Debug|Any CPU.ActiveCfg = Debug|Any CPU
		{345D069E-EA23-46B7-AABA-56674A29C1F2}.Debug|Any CPU.Build.0 = Debug|Any CPU
		{345D069E-EA23-46B7-AABA-56674A29C1F2}.Release|Any CPU.ActiveCfg = Release|Any CPU
		{345D069E-EA23-46B7-AABA-56674A29C1F2}.Release|Any CPU.Build.0 = Release|Any CPU
		{FA3E0056-D88E-47CD-8F67-70B924D230A1}.Debug|Any CPU.ActiveCfg = Debug|Any CPU
		{FA3E0056-D88E-47CD-8F67-70B924D230A1}.Debug|Any CPU.Build.0 = Debug|Any CPU
		{FA3E0056-D88E-47CD-8F67-70B924D230A1}.Release|Any CPU.ActiveCfg = Release|Any CPU
		{FA3E0056-D88E-47CD-8F67-70B924D230A1}.Release|Any CPU.Build.0 = Release|Any CPU
		{8DEADDE2-8475-4BEE-953C-771F6A8A9D8D}.Debug|Any CPU.ActiveCfg = Debug|Any CPU
		{8DEADDE2-8475-4BEE-953C-771F6A8A9D8D}.Debug|Any CPU.Build.0 = Debug|Any CPU
		{8DEADDE2-8475-4BEE-953C-771F6A8A9D8D}.Release|Any CPU.ActiveCfg = Release|Any CPU
		{8DEADDE2-8475-4BEE-953C-771F6A8A9D8D}.Release|Any CPU.Build.0 = Release|Any CPU
		{89A09E5D-B96A-4CD3-B394-751AD18300E6}.Debug|Any CPU.ActiveCfg = Debug|Any CPU
		{89A09E5D-B96A-4CD3-B394-751AD18300E6}.Debug|Any CPU.Build.0 = Debug|Any CPU
		{89A09E5D-B96A-4CD3-B394-751AD18300E6}.Release|Any CPU.ActiveCfg = Release|Any CPU
		{89A09E5D-B96A-4CD3-B394-751AD18300E6}.Release|Any CPU.Build.0 = Release|Any CPU
		{093A259D-3218-4744-B151-B776415C647F}.Debug|Any CPU.ActiveCfg = Debug|Any CPU
		{093A259D-3218-4744-B151-B776415C647F}.Debug|Any CPU.Build.0 = Debug|Any CPU
		{093A259D-3218-4744-B151-B776415C647F}.Release|Any CPU.ActiveCfg = Release|Any CPU
		{093A259D-3218-4744-B151-B776415C647F}.Release|Any CPU.Build.0 = Release|Any CPU
		{98A89A90-2844-48A0-B358-7A1C3B67A36B}.Debug|Any CPU.ActiveCfg = Debug|Any CPU
		{98A89A90-2844-48A0-B358-7A1C3B67A36B}.Debug|Any CPU.Build.0 = Debug|Any CPU
		{98A89A90-2844-48A0-B358-7A1C3B67A36B}.Release|Any CPU.ActiveCfg = Release|Any CPU
		{98A89A90-2844-48A0-B358-7A1C3B67A36B}.Release|Any CPU.Build.0 = Release|Any CPU
		{5BE71AC3-2154-405F-B6EE-C19C669F73A0}.Debug|Any CPU.ActiveCfg = Debug|Any CPU
		{5BE71AC3-2154-405F-B6EE-C19C669F73A0}.Debug|Any CPU.Build.0 = Debug|Any CPU
		{5BE71AC3-2154-405F-B6EE-C19C669F73A0}.Release|Any CPU.ActiveCfg = Release|Any CPU
		{5BE71AC3-2154-405F-B6EE-C19C669F73A0}.Release|Any CPU.Build.0 = Release|Any CPU
		{F5F97767-C787-4F93-B6EA-3091FE82768F}.Debug|Any CPU.ActiveCfg = Debug|Any CPU
		{F5F97767-C787-4F93-B6EA-3091FE82768F}.Debug|Any CPU.Build.0 = Debug|Any CPU
		{F5F97767-C787-4F93-B6EA-3091FE82768F}.Release|Any CPU.ActiveCfg = Release|Any CPU
		{F5F97767-C787-4F93-B6EA-3091FE82768F}.Release|Any CPU.Build.0 = Release|Any CPU
		{4FD234F0-CED7-47C9-9034-48A18984ADBD}.Debug|Any CPU.ActiveCfg = Debug|Any CPU
		{4FD234F0-CED7-47C9-9034-48A18984ADBD}.Debug|Any CPU.Build.0 = Debug|Any CPU
		{4FD234F0-CED7-47C9-9034-48A18984ADBD}.Release|Any CPU.ActiveCfg = Release|Any CPU
		{4FD234F0-CED7-47C9-9034-48A18984ADBD}.Release|Any CPU.Build.0 = Release|Any CPU
		{CCE19164-12BB-4099-BB9B-D812DC5B089E}.Debug|Any CPU.ActiveCfg = Debug|Any CPU
		{CCE19164-12BB-4099-BB9B-D812DC5B089E}.Debug|Any CPU.Build.0 = Debug|Any CPU
		{CCE19164-12BB-4099-BB9B-D812DC5B089E}.Release|Any CPU.ActiveCfg = Release|Any CPU
		{CCE19164-12BB-4099-BB9B-D812DC5B089E}.Release|Any CPU.Build.0 = Release|Any CPU
		{58EC2711-CC51-42C2-8833-31EAAF1C823C}.Debug|Any CPU.ActiveCfg = Debug|Any CPU
		{58EC2711-CC51-42C2-8833-31EAAF1C823C}.Debug|Any CPU.Build.0 = Debug|Any CPU
		{58EC2711-CC51-42C2-8833-31EAAF1C823C}.Release|Any CPU.ActiveCfg = Release|Any CPU
		{58EC2711-CC51-42C2-8833-31EAAF1C823C}.Release|Any CPU.Build.0 = Release|Any CPU
		{5E7A2247-55FB-4FD8-A6C5-E6EB9846D909}.Debug|Any CPU.ActiveCfg = Debug|Any CPU
		{5E7A2247-55FB-4FD8-A6C5-E6EB9846D909}.Debug|Any CPU.Build.0 = Debug|Any CPU
		{5E7A2247-55FB-4FD8-A6C5-E6EB9846D909}.Release|Any CPU.ActiveCfg = Release|Any CPU
		{5E7A2247-55FB-4FD8-A6C5-E6EB9846D909}.Release|Any CPU.Build.0 = Release|Any CPU
		{D380B1FC-CA42-43B7-9D79-92BCC585BC8D}.Debug|Any CPU.ActiveCfg = Debug|Any CPU
		{D380B1FC-CA42-43B7-9D79-92BCC585BC8D}.Debug|Any CPU.Build.0 = Debug|Any CPU
		{D380B1FC-CA42-43B7-9D79-92BCC585BC8D}.Release|Any CPU.ActiveCfg = Release|Any CPU
		{D380B1FC-CA42-43B7-9D79-92BCC585BC8D}.Release|Any CPU.Build.0 = Release|Any CPU
		{3F60F976-3811-48DC-99F9-FDD08BD185D6}.Debug|Any CPU.ActiveCfg = Debug|Any CPU
		{3F60F976-3811-48DC-99F9-FDD08BD185D6}.Debug|Any CPU.Build.0 = Debug|Any CPU
		{3F60F976-3811-48DC-99F9-FDD08BD185D6}.Release|Any CPU.ActiveCfg = Release|Any CPU
		{3F60F976-3811-48DC-99F9-FDD08BD185D6}.Release|Any CPU.Build.0 = Release|Any CPU
		{46CCA29C-5D8C-45B6-9838-71A66D858654}.Debug|Any CPU.ActiveCfg = Debug|Any CPU
		{46CCA29C-5D8C-45B6-9838-71A66D858654}.Debug|Any CPU.Build.0 = Debug|Any CPU
		{46CCA29C-5D8C-45B6-9838-71A66D858654}.Release|Any CPU.ActiveCfg = Release|Any CPU
		{46CCA29C-5D8C-45B6-9838-71A66D858654}.Release|Any CPU.Build.0 = Release|Any CPU
		{2480C04E-D7DE-4B25-B9A4-B62740588859}.Debug|Any CPU.ActiveCfg = Debug|Any CPU
		{2480C04E-D7DE-4B25-B9A4-B62740588859}.Debug|Any CPU.Build.0 = Debug|Any CPU
		{2480C04E-D7DE-4B25-B9A4-B62740588859}.Release|Any CPU.ActiveCfg = Release|Any CPU
		{2480C04E-D7DE-4B25-B9A4-B62740588859}.Release|Any CPU.Build.0 = Release|Any CPU
		{56DFC2D2-C95F-40B5-A80A-5FFF43CDABB8}.Debug|Any CPU.ActiveCfg = Debug|Any CPU
		{56DFC2D2-C95F-40B5-A80A-5FFF43CDABB8}.Debug|Any CPU.Build.0 = Debug|Any CPU
		{56DFC2D2-C95F-40B5-A80A-5FFF43CDABB8}.Release|Any CPU.ActiveCfg = Release|Any CPU
		{56DFC2D2-C95F-40B5-A80A-5FFF43CDABB8}.Release|Any CPU.Build.0 = Release|Any CPU
		{99550317-8BA5-430B-9DB1-52B2741EC1B5}.Debug|Any CPU.ActiveCfg = Debug|Any CPU
		{99550317-8BA5-430B-9DB1-52B2741EC1B5}.Debug|Any CPU.Build.0 = Debug|Any CPU
		{99550317-8BA5-430B-9DB1-52B2741EC1B5}.Release|Any CPU.ActiveCfg = Release|Any CPU
		{99550317-8BA5-430B-9DB1-52B2741EC1B5}.Release|Any CPU.Build.0 = Release|Any CPU
		{3C73D4EB-F579-4300-841F-6F8867843FD5}.Debug|Any CPU.ActiveCfg = Debug|Any CPU
		{3C73D4EB-F579-4300-841F-6F8867843FD5}.Debug|Any CPU.Build.0 = Debug|Any CPU
		{3C73D4EB-F579-4300-841F-6F8867843FD5}.Release|Any CPU.ActiveCfg = Release|Any CPU
		{3C73D4EB-F579-4300-841F-6F8867843FD5}.Release|Any CPU.Build.0 = Release|Any CPU
		{52B37DC6-BD49-43BE-841A-771B0C01E432}.Debug|Any CPU.ActiveCfg = Debug|Any CPU
		{52B37DC6-BD49-43BE-841A-771B0C01E432}.Debug|Any CPU.Build.0 = Debug|Any CPU
		{52B37DC6-BD49-43BE-841A-771B0C01E432}.Release|Any CPU.ActiveCfg = Release|Any CPU
		{52B37DC6-BD49-43BE-841A-771B0C01E432}.Release|Any CPU.Build.0 = Release|Any CPU
		{822FC1EC-D729-43F9-9E52-7B7B4B8AE8C1}.Debug|Any CPU.ActiveCfg = Debug|Any CPU
		{822FC1EC-D729-43F9-9E52-7B7B4B8AE8C1}.Debug|Any CPU.Build.0 = Debug|Any CPU
		{822FC1EC-D729-43F9-9E52-7B7B4B8AE8C1}.Release|Any CPU.ActiveCfg = Release|Any CPU
		{822FC1EC-D729-43F9-9E52-7B7B4B8AE8C1}.Release|Any CPU.Build.0 = Release|Any CPU
		{3E30F38F-0FF0-4F63-AC13-E75F9393DAE1}.Debug|Any CPU.ActiveCfg = Debug|Any CPU
		{3E30F38F-0FF0-4F63-AC13-E75F9393DAE1}.Debug|Any CPU.Build.0 = Debug|Any CPU
		{3E30F38F-0FF0-4F63-AC13-E75F9393DAE1}.Release|Any CPU.ActiveCfg = Release|Any CPU
		{3E30F38F-0FF0-4F63-AC13-E75F9393DAE1}.Release|Any CPU.Build.0 = Release|Any CPU
		{6C77D4E2-127C-4319-8AEA-FB37AA11C55C}.Debug|Any CPU.ActiveCfg = Debug|Any CPU
		{6C77D4E2-127C-4319-8AEA-FB37AA11C55C}.Debug|Any CPU.Build.0 = Debug|Any CPU
		{6C77D4E2-127C-4319-8AEA-FB37AA11C55C}.Release|Any CPU.ActiveCfg = Release|Any CPU
		{6C77D4E2-127C-4319-8AEA-FB37AA11C55C}.Release|Any CPU.Build.0 = Release|Any CPU
	EndGlobalSection
	GlobalSection(SolutionProperties) = preSolution
		HideSolutionNode = FALSE
	EndGlobalSection
	GlobalSection(ExtensibilityGlobals) = postSolution
		SolutionGuid = {B195864F-AA0B-427D-A078-290C7853B210}
	EndGlobalSection
EndGlobal
